<?xml version="1.0" encoding="utf-8"?>
<Project ToolsVersion="4.0" xmlns="http://schemas.microsoft.com/developer/msbuild/2003">
  <ItemGroup>
    <Filter Include="Source Files">
      <UniqueIdentifier>{4FC737F1-C7A5-4376-A066-2A32D752A2FF}</UniqueIdentifier>
      <Extensions>cpp;c;cc;cxx;def;odl;idl;hpj;bat;asm;asmx</Extensions>
    </Filter>
    <Filter Include="Header Files">
      <UniqueIdentifier>{93995380-89BD-4b04-88EB-625FBE52EBFB}</UniqueIdentifier>
      <Extensions>h;hh;hpp;hxx;hm;inl;inc;ipp;xsd</Extensions>
    </Filter>
    <Filter Include="Resource Files">
      <UniqueIdentifier>{67DA6AB6-F800-4c08-8B7A-83BB121AAD01}</UniqueIdentifier>
      <Extensions>rc;ico;cur;bmp;dlg;rc2;rct;bin;rgs;gif;jpg;jpeg;jpe;resx;tiff;tif;png;wav;mfcribbon-ms</Extensions>
    </Filter>
    <Filter Include="Framework">
      <UniqueIdentifier>{14e3dd8b-7457-4f91-94f8-1d8ceb35538f}</UniqueIdentifier>
    </Filter>
    <Filter Include="Framework\MapReader">
      <UniqueIdentifier>{46e856e7-6a01-467a-99bf-5ecf60d1e3f3}</UniqueIdentifier>
    </Filter>
    <Filter Include="Framework\Scenes">
      <UniqueIdentifier>{f54ceefa-bb18-49c8-b6d0-562c949d380b}</UniqueIdentifier>
    </Filter>
    <Filter Include="Framework\GameObjects">
      <UniqueIdentifier>{57eaa458-e452-41f8-bfad-01ea064f2d36}</UniqueIdentifier>
    </Filter>
    <Filter Include="Framework\GameDefines">
      <UniqueIdentifier>{1f5b66ae-e903-4161-b2e7-06dce2d095d8}</UniqueIdentifier>
    </Filter>
    <Filter Include="Framework\GameControllers">
      <UniqueIdentifier>{1b2108ee-038c-4377-aa2b-9b5f51e1d8c1}</UniqueIdentifier>
    </Filter>
    <Filter Include="Framework\GameComponents">
      <UniqueIdentifier>{211cbbb9-915f-4106-adb8-46d5d92f2a59}</UniqueIdentifier>
    </Filter>
    <Filter Include="Framework\GameObjects\MapObjects">
      <UniqueIdentifier>{1f8a58ea-c31f-48c4-8fb1-dd279fe6370e}</UniqueIdentifier>
    </Filter>
    <Filter Include="Framework\GameObjects\Player">
      <UniqueIdentifier>{cfbe6c7d-9699-4864-9d09-9eb0d457c34d}</UniqueIdentifier>
    </Filter>
  </ItemGroup>
  <ItemGroup>
    <ClCompile Include="GameComponents\Animation.cpp">
      <Filter>Framework\GameComponents</Filter>
    </ClCompile>
    <ClCompile Include="GameComponents\Camera.cpp">
      <Filter>Framework\GameComponents</Filter>
    </ClCompile>
    <ClCompile Include="GameComponents\Game.cpp">
      <Filter>Framework\GameComponents</Filter>
    </ClCompile>
    <ClCompile Include="GameComponents\GameCollision.cpp">
      <Filter>Framework\GameComponents</Filter>
    </ClCompile>
    <ClCompile Include="GameComponents\GameGlobal.cpp">
      <Filter>Framework\GameComponents</Filter>
    </ClCompile>
    <ClCompile Include="GameComponents\GameMap.cpp">
      <Filter>Framework\GameComponents</Filter>
    </ClCompile>
    <ClCompile Include="GameComponents\GameTime.cpp">
      <Filter>Framework\GameComponents</Filter>
    </ClCompile>
    <ClCompile Include="GameComponents\QuadTree.cpp">
      <Filter>Framework\GameComponents</Filter>
    </ClCompile>
    <ClCompile Include="GameComponents\Scene.cpp">
      <Filter>Framework\GameComponents</Filter>
    </ClCompile>
    <ClCompile Include="GameComponents\Sprite.cpp">
      <Filter>Framework\GameComponents</Filter>
    </ClCompile>
    <ClCompile Include="GameControllers\SceneManager.cpp">
      <Filter>Framework\GameControllers</Filter>
    </ClCompile>
    <ClCompile Include="Scenes\DemoScene.cpp">
      <Filter>Framework\Scenes</Filter>
    </ClCompile>
    <ClCompile Include="MapReader\base64.cpp">
      <Filter>Framework\MapReader</Filter>
    </ClCompile>
    <ClCompile Include="MapReader\miniz.c">
      <Filter>Framework\MapReader</Filter>
    </ClCompile>
    <ClCompile Include="MapReader\tinyxml2.cpp">
      <Filter>Framework\MapReader</Filter>
    </ClCompile>
    <ClCompile Include="MapReader\TmxEllipse.cpp">
      <Filter>Framework\MapReader</Filter>
    </ClCompile>
    <ClCompile Include="MapReader\TmxImage.cpp">
      <Filter>Framework\MapReader</Filter>
    </ClCompile>
    <ClCompile Include="MapReader\TmxImageLayer.cpp">
      <Filter>Framework\MapReader</Filter>
    </ClCompile>
    <ClCompile Include="MapReader\TmxLayer.cpp">
      <Filter>Framework\MapReader</Filter>
    </ClCompile>
    <ClCompile Include="MapReader\TmxMap.cpp">
      <Filter>Framework\MapReader</Filter>
    </ClCompile>
    <ClCompile Include="MapReader\TmxObject.cpp">
      <Filter>Framework\MapReader</Filter>
    </ClCompile>
    <ClCompile Include="MapReader\TmxObjectGroup.cpp">
      <Filter>Framework\MapReader</Filter>
    </ClCompile>
    <ClCompile Include="MapReader\TmxPolygon.cpp">
      <Filter>Framework\MapReader</Filter>
    </ClCompile>
    <ClCompile Include="MapReader\TmxPolyline.cpp">
      <Filter>Framework\MapReader</Filter>
    </ClCompile>
    <ClCompile Include="MapReader\TmxPropertySet.cpp">
      <Filter>Framework\MapReader</Filter>
    </ClCompile>
    <ClCompile Include="MapReader\TmxTerrain.cpp">
      <Filter>Framework\MapReader</Filter>
    </ClCompile>
    <ClCompile Include="MapReader\TmxTerrainArray.cpp">
      <Filter>Framework\MapReader</Filter>
    </ClCompile>
    <ClCompile Include="MapReader\TmxTile.cpp">
      <Filter>Framework\MapReader</Filter>
    </ClCompile>
    <ClCompile Include="MapReader\TmxTileLayer.cpp">
      <Filter>Framework\MapReader</Filter>
    </ClCompile>
    <ClCompile Include="MapReader\TmxTileOffset.cpp">
      <Filter>Framework\MapReader</Filter>
    </ClCompile>
    <ClCompile Include="MapReader\TmxTileset.cpp">
      <Filter>Framework\MapReader</Filter>
    </ClCompile>
    <ClCompile Include="MapReader\TmxUtil.cpp">
      <Filter>Framework\MapReader</Filter>
    </ClCompile>
    <ClCompile Include="GameObjects\Entity.cpp">
      <Filter>Framework\GameObjects</Filter>
    </ClCompile>
    <ClCompile Include="GameObjects\Player\Player.cpp">
      <Filter>Framework\GameObjects\Player</Filter>
    </ClCompile>
    <ClCompile Include="GameObjects\Player\PlayerData.cpp">
      <Filter>Framework\GameObjects\Player</Filter>
    </ClCompile>
    <ClCompile Include="GameObjects\Player\PlayerFallingState.cpp">
      <Filter>Framework\GameObjects\Player</Filter>
    </ClCompile>
    <ClCompile Include="GameObjects\Player\PlayerJumpingState.cpp">
      <Filter>Framework\GameObjects\Player</Filter>
    </ClCompile>
    <ClCompile Include="GameObjects\Player\PlayerRunningState.cpp">
      <Filter>Framework\GameObjects\Player</Filter>
    </ClCompile>
    <ClCompile Include="GameObjects\Player\PlayerStandingState.cpp">
      <Filter>Framework\GameObjects\Player</Filter>
    </ClCompile>
    <ClCompile Include="GameObjects\Player\PlayerState.cpp">
      <Filter>Framework\GameObjects\Player</Filter>
    </ClCompile>
    <ClCompile Include="GameObjects\MapObjects\Brick.cpp">
      <Filter>Framework\GameObjects\MapObjects</Filter>
    </ClCompile>
    <ClCompile Include="GameObjects\MapObjects\BrickGold.cpp">
      <Filter>Framework\GameObjects\MapObjects</Filter>
    </ClCompile>
    <ClCompile Include="GameObjects\MapObjects\BrickNormal.cpp">
      <Filter>Framework\GameObjects\MapObjects</Filter>
    </ClCompile>
    <ClCompile Include="GameObjects\MapObjects\GameObject.cpp">
      <Filter>Framework\GameObjects\MapObjects</Filter>
    </ClCompile>
    <ClCompile Include="main.cpp">
      <Filter>Source Files</Filter>
    </ClCompile>
  </ItemGroup>
  <ItemGroup>
    <ClInclude Include="GameComponents\Animation.h">
      <Filter>Framework\GameComponents</Filter>
    </ClInclude>
    <ClInclude Include="GameComponents\Camera.h">
      <Filter>Framework\GameComponents</Filter>
    </ClInclude>
    <ClInclude Include="GameComponents\Game.h">
      <Filter>Framework\GameComponents</Filter>
    </ClInclude>
    <ClInclude Include="GameComponents\GameCollision.h">
      <Filter>Framework\GameComponents</Filter>
    </ClInclude>
    <ClInclude Include="GameComponents\GameGlobal.h">
      <Filter>Framework\GameComponents</Filter>
    </ClInclude>
    <ClInclude Include="GameComponents\GameMap.h">
      <Filter>Framework\GameComponents</Filter>
    </ClInclude>
    <ClInclude Include="GameComponents\GameTime.h">
      <Filter>Framework\GameComponents</Filter>
    </ClInclude>
    <ClInclude Include="GameComponents\QuadTree.h">
      <Filter>Framework\GameComponents</Filter>
    </ClInclude>
    <ClInclude Include="GameComponents\Scene.h">
      <Filter>Framework\GameComponents</Filter>
    </ClInclude>
    <ClInclude Include="GameComponents\Sprite.h">
      <Filter>Framework\GameComponents</Filter>
    </ClInclude>
    <ClInclude Include="GameControllers\SceneManager.h">
      <Filter>Framework\GameControllers</Filter>
    </ClInclude>
    <ClInclude Include="GameDefines\GameDefine.h">
      <Filter>Framework\GameDefines</Filter>
    </ClInclude>
    <ClInclude Include="Scenes\DemoScene.h">
      <Filter>Framework\Scenes</Filter>
    </ClInclude>
    <ClInclude Include="MapReader\base64.h">
      <Filter>Framework\MapReader</Filter>
    </ClInclude>
    <ClInclude Include="MapReader\tinyxml2.h">
      <Filter>Framework\MapReader</Filter>
    </ClInclude>
    <ClInclude Include="MapReader\TmxEllipse.h">
      <Filter>Framework\MapReader</Filter>
    </ClInclude>
    <ClInclude Include="MapReader\TmxImage.h">
      <Filter>Framework\MapReader</Filter>
    </ClInclude>
    <ClInclude Include="MapReader\TmxImageLayer.h">
      <Filter>Framework\MapReader</Filter>
    </ClInclude>
    <ClInclude Include="MapReader\TmxLayer.h">
      <Filter>Framework\MapReader</Filter>
    </ClInclude>
    <ClInclude Include="MapReader\TmxMap.h">
      <Filter>Framework\MapReader</Filter>
    </ClInclude>
    <ClInclude Include="MapReader\TmxMapTile.h">
      <Filter>Framework\MapReader</Filter>
    </ClInclude>
    <ClInclude Include="MapReader\TmxObject.h">
      <Filter>Framework\MapReader</Filter>
    </ClInclude>
    <ClInclude Include="MapReader\TmxObjectGroup.h">
      <Filter>Framework\MapReader</Filter>
    </ClInclude>
    <ClInclude Include="MapReader\TmxPoint.h">
      <Filter>Framework\MapReader</Filter>
    </ClInclude>
    <ClInclude Include="MapReader\TmxPolygon.h">
      <Filter>Framework\MapReader</Filter>
    </ClInclude>
    <ClInclude Include="MapReader\TmxPolyline.h">
      <Filter>Framework\MapReader</Filter>
    </ClInclude>
    <ClInclude Include="MapReader\TmxPropertySet.h">
      <Filter>Framework\MapReader</Filter>
    </ClInclude>
    <ClInclude Include="MapReader\TmxTerrain.h">
      <Filter>Framework\MapReader</Filter>
    </ClInclude>
    <ClInclude Include="MapReader\TmxTerrainArray.h">
      <Filter>Framework\MapReader</Filter>
    </ClInclude>
    <ClInclude Include="MapReader\TmxTile.h">
      <Filter>Framework\MapReader</Filter>
    </ClInclude>
    <ClInclude Include="MapReader\TmxTileLayer.h">
      <Filter>Framework\MapReader</Filter>
    </ClInclude>
    <ClInclude Include="MapReader\TmxTileOffset.h">
      <Filter>Framework\MapReader</Filter>
    </ClInclude>
    <ClInclude Include="MapReader\TmxTileset.h">
      <Filter>Framework\MapReader</Filter>
    </ClInclude>
    <ClInclude Include="MapReader\TmxUtil.h">
      <Filter>Framework\MapReader</Filter>
    </ClInclude>
    <ClInclude Include="MapReader\zconf.h">
      <Filter>Framework\MapReader</Filter>
    </ClInclude>
    <ClInclude Include="MapReader\zlib.h">
      <Filter>Framework\MapReader</Filter>
    </ClInclude>
    <ClInclude Include="GameObjects\Entity.h">
      <Filter>Framework\GameObjects</Filter>
    </ClInclude>
    <ClInclude Include="GameObjects\Player\Player.h">
      <Filter>Framework\GameObjects\Player</Filter>
    </ClInclude>
    <ClInclude Include="GameObjects\Player\PlayerData.h">
      <Filter>Framework\GameObjects\Player</Filter>
    </ClInclude>
    <ClInclude Include="GameObjects\Player\PlayerFallingState.h">
      <Filter>Framework\GameObjects\Player</Filter>
    </ClInclude>
    <ClInclude Include="GameObjects\Player\PlayerJumpingState.h">
      <Filter>Framework\GameObjects\Player</Filter>
    </ClInclude>
    <ClInclude Include="GameObjects\Player\PlayerRunningState.h">
      <Filter>Framework\GameObjects\Player</Filter>
    </ClInclude>
    <ClInclude Include="GameObjects\Player\PlayerStandingState.h">
      <Filter>Framework\GameObjects\Player</Filter>
    </ClInclude>
    <ClInclude Include="GameObjects\Player\PlayerState.h">
      <Filter>Framework\GameObjects\Player</Filter>
    </ClInclude>
    <ClInclude Include="GameObjects\MapObjects\Brick.h">
      <Filter>Framework\GameObjects\MapObjects</Filter>
    </ClInclude>
    <ClInclude Include="GameObjects\MapObjects\BrickGold.h">
      <Filter>Framework\GameObjects\MapObjects</Filter>
    </ClInclude>
    <ClInclude Include="GameObjects\MapObjects\BrickNormal.h">
      <Filter>Framework\GameObjects\MapObjects</Filter>
    </ClInclude>
    <ClInclude Include="GameObjects\MapObjects\GameObject.h">
      <Filter>Framework\GameObjects\MapObjects</Filter>
    </ClInclude>
  </ItemGroup>
  <ItemGroup>
    <None Include="MapReader\Tmx.h.in">
      <Filter>Framework\MapReader</Filter>
    </None>
  </ItemGroup>
</Project>